
Microsoft Visual Studio Solution File, Format Version 12.00
# Visual Studio Version 17
VisualStudioVersion = 17.9.34902.65
MinimumVisualStudioVersion = 10.0.40219.1
Project("{FAE04EC0-301F-11D3-BF4B-00C04F79EFBC}") = "EcommerceTask", "EcommerceTask.csproj", "{415F8189-A887-41B4-9CB4-BD1E82EC3612}"
EndProject
Global
	GlobalSection(SolutionConfigurationPlatforms) = preSolution
		Debug|Any CPU = Debug|Any CPU
		Release|Any CPU = Release|Any CPU
	EndGlobalSection
	GlobalSection(ProjectConfigurationPlatforms) = postSolution
		{415F8189-A887-41B4-9CB4-BD1E82EC3612}.Debug|Any CPU.ActiveCfg = Debug|Any CPU
		{415F8189-A887-41B4-9CB4-BD1E82EC3612}.Debug|Any CPU.Build.0 = Debug|Any CPU
		{415F8189-A887-41B4-9CB4-BD1E82EC3612}.Release|Any CPU.ActiveCfg = Release|Any CPU
		{415F8189-A887-41B4-9CB4-BD1E82EC3612}.Release|Any CPU.Build.0 = Release|Any CPU
	EndGlobalSection
	GlobalSection(SolutionProperties) = preSolution
		HideSolutionNode = FALSE
	EndGlobalSection
	GlobalSection(ExtensibilityGlobals) = postSolution
		SolutionGuid = {743C23DA-8F2F-41C1-BC26-A813A4DD9A42}
	EndGlobalSection
EndGlobal
